
Microsoft Visual Studio Solution File, Format Version 12.00
# Visual Studio Version 17
VisualStudioVersion = 17.8.34511.84
MinimumVisualStudioVersion = 10.0.40219.1
Project("{FAE04EC0-301F-11D3-BF4B-00C04F79EFBC}") = "WinFormsPROJ", "WinFormsPROJ\WinFormsPROJ.csproj", "{1251BE20-36A7-4CE7-828A-E4BAF381EB79}"
EndProject
Global
	GlobalSection(SolutionConfigurationPlatforms) = preSolution
		Debug|Any CPU = Debug|Any CPU
		Release|Any CPU = Release|Any CPU
	EndGlobalSection
	GlobalSection(ProjectConfigurationPlatforms) = postSolution
		{1251BE20-36A7-4CE7-828A-E4BAF381EB79}.Debug|Any CPU.ActiveCfg = Debug|Any CPU
		{1251BE20-36A7-4CE7-828A-E4BAF381EB79}.Debug|Any CPU.Build.0 = Debug|Any CPU
		{1251BE20-36A7-4CE7-828A-E4BAF381EB79}.Release|Any CPU.ActiveCfg = Release|Any CPU
		{1251BE20-36A7-4CE7-828A-E4BAF381EB79}.Release|Any CPU.Build.0 = Release|Any CPU
	EndGlobalSection
	GlobalSection(SolutionProperties) = preSolution
		HideSolutionNode = FALSE
	EndGlobalSection
	GlobalSection(ExtensibilityGlobals) = postSolution
		SolutionGuid = {6706C4B7-D26D-4CA4-B0DC-FF2539209FCF}
	EndGlobalSection
EndGlobal
